
Microsoft Visual Studio Solution File, Format Version 12.00
Project("{2150E333-8FDC-42A3-9474-1A3956D46DE8}") = "src", "src", "{7D0207BD-E367-4916-9795-5B58EAD87DE7}"
EndProject
Project("{FAE04EC0-301F-11D3-BF4B-00C04F79EFBC}") = "WeatherApi", "src\WeatherApi\WeatherApi.csproj", "{5054F095-E259-4420-988F-438336263485}"
EndProject
Global
	GlobalSection(SolutionConfigurationPlatforms) = preSolution
		Debug|Any CPU = Debug|Any CPU
		Release|Any CPU = Release|Any CPU
	EndGlobalSection
	GlobalSection(NestedProjects) = preSolution
		{5054F095-E259-4420-988F-438336263485} = {7D0207BD-E367-4916-9795-5B58EAD87DE7}
	EndGlobalSection
	GlobalSection(ProjectConfigurationPlatforms) = postSolution
		{5054F095-E259-4420-988F-438336263485}.Debug|Any CPU.ActiveCfg = Debug|Any CPU
		{5054F095-E259-4420-988F-438336263485}.Debug|Any CPU.Build.0 = Debug|Any CPU
		{5054F095-E259-4420-988F-438336263485}.Release|Any CPU.ActiveCfg = Release|Any CPU
		{5054F095-E259-4420-988F-438336263485}.Release|Any CPU.Build.0 = Release|Any CPU
	EndGlobalSection
EndGlobal
